
Microsoft Visual Studio Solution File, Format Version 12.00
# Visual Studio Version 17
VisualStudioVersion = 17.10.35013.160
MinimumVisualStudioVersion = 10.0.40219.1
Project("{FAE04EC0-301F-11D3-BF4B-00C04F79EFBC}") = "BlankApp1", "BlankApp1\BlankApp1.csproj", "{FD5E52EA-9DEC-48BB-9236-CC07B59905F4}"
EndProject
Project("{FAE04EC0-301F-11D3-BF4B-00C04F79EFBC}") = "ModelA", "ModelA\ModelA.csproj", "{AA5CB158-1AAB-4525-98B4-C4506AC0E3CE}"
EndProject
Project("{FAE04EC0-301F-11D3-BF4B-00C04F79EFBC}") = "ModelB", "ModelB\ModelB.csproj", "{59CBFF21-3FE5-4131-8206-9169C1D3BB81}"
EndProject
Global
	GlobalSection(SolutionConfigurationPlatforms) = preSolution
		Debug|Any CPU = Debug|Any CPU
		Release|Any CPU = Release|Any CPU
	EndGlobalSection
	GlobalSection(ProjectConfigurationPlatforms) = postSolution
		{FD5E52EA-9DEC-48BB-9236-CC07B59905F4}.Debug|Any CPU.ActiveCfg = Debug|Any CPU
		{FD5E52EA-9DEC-48BB-9236-CC07B59905F4}.Debug|Any CPU.Build.0 = Debug|Any CPU
		{FD5E52EA-9DEC-48BB-9236-CC07B59905F4}.Release|Any CPU.ActiveCfg = Release|Any CPU
		{FD5E52EA-9DEC-48BB-9236-CC07B59905F4}.Release|Any CPU.Build.0 = Release|Any CPU
		{AA5CB158-1AAB-4525-98B4-C4506AC0E3CE}.Debug|Any CPU.ActiveCfg = Debug|Any CPU
		{AA5CB158-1AAB-4525-98B4-C4506AC0E3CE}.Debug|Any CPU.Build.0 = Debug|Any CPU
		{AA5CB158-1AAB-4525-98B4-C4506AC0E3CE}.Release|Any CPU.ActiveCfg = Release|Any CPU
		{AA5CB158-1AAB-4525-98B4-C4506AC0E3CE}.Release|Any CPU.Build.0 = Release|Any CPU
		{59CBFF21-3FE5-4131-8206-9169C1D3BB81}.Debug|Any CPU.ActiveCfg = Debug|Any CPU
		{59CBFF21-3FE5-4131-8206-9169C1D3BB81}.Debug|Any CPU.Build.0 = Debug|Any CPU
		{59CBFF21-3FE5-4131-8206-9169C1D3BB81}.Release|Any CPU.ActiveCfg = Release|Any CPU
		{59CBFF21-3FE5-4131-8206-9169C1D3BB81}.Release|Any CPU.Build.0 = Release|Any CPU
	EndGlobalSection
	GlobalSection(SolutionProperties) = preSolution
		HideSolutionNode = FALSE
	EndGlobalSection
	GlobalSection(ExtensibilityGlobals) = postSolution
		SolutionGuid = {37EB3202-8936-44C4-A73B-3E1C9DA1F5D0}
	EndGlobalSection
EndGlobal
